
Microsoft Visual Studio Solution File, Format Version 12.00
# Visual Studio Version 17
VisualStudioVersion = 17.5.33502.453
MinimumVisualStudioVersion = 10.0.40219.1
Project("{FAE04EC0-301F-11D3-BF4B-00C04F79EFBC}") = "C_Sharp_Basics", "C_Sharp_Basics.csproj", "{AE90D15A-87CB-4BE4-8A60-33007D2E9495}"
EndProject
Global
	GlobalSection(SolutionConfigurationPlatforms) = preSolution
		Debug|Any CPU = Debug|Any CPU
		Release|Any CPU = Release|Any CPU
	EndGlobalSection
	GlobalSection(ProjectConfigurationPlatforms) = postSolution
		{AE90D15A-87CB-4BE4-8A60-33007D2E9495}.Debug|Any CPU.ActiveCfg = Debug|Any CPU
		{AE90D15A-87CB-4BE4-8A60-33007D2E9495}.Debug|Any CPU.Build.0 = Debug|Any CPU
		{AE90D15A-87CB-4BE4-8A60-33007D2E9495}.Release|Any CPU.ActiveCfg = Release|Any CPU
		{AE90D15A-87CB-4BE4-8A60-33007D2E9495}.Release|Any CPU.Build.0 = Release|Any CPU
	EndGlobalSection
	GlobalSection(SolutionProperties) = preSolution
		HideSolutionNode = FALSE
	EndGlobalSection
	GlobalSection(ExtensibilityGlobals) = postSolution
		SolutionGuid = {5220F019-EC22-45E1-9632-74FEA6A671CC}
	EndGlobalSection
EndGlobal
